{
  "registry": "blamechris/skill-templates",
  "skills": {
    "agent-review": {
      "hash": "5c35725",
      "installed": "2026-07-30",
      "profileHash": "274ba5b"
    },
    "agentic-audit": {
      "hash": "a9ed830",
      "installed": "2026-07-30",
      "profileHash": "274ba5b"
    },
    "autonomous-dev-flow": {
      "hash": "d4fba03",
      "installed": "2026-07-30",
      "profileHash": "274ba5b"
    },
    "batch-merge": {
      "hash": "8c8e472",
      "installed": "2026-07-30",
      "profileHash": "274ba5b"
    },
    "bug-hunt": {
      "hash": "a9ed830",
      "installed": "2026-07-30",
      "profileHash": "274ba5b"
    },
    "catchup": {
      "hash": "3f7f775",
      "installed": "2026-06-08",
      "profileHash": "274ba5b"
    },
    "changelog": {
      "hash": "3254376",
      "installed": "2026-06-09",
      "profileHash": "274ba5b"
    },
    "check-pr": {
      "hash": "cc062bc",
      "installed": "2026-06-08",
      "profileHash": "274ba5b"
    },
    "create-issue": {
      "hash": "12b011f",
      "installed": "2026-06-08",
      "profileHash": "274ba5b"
    },
    "create-pr": {
      "hash": "12b011f",
      "installed": "2026-06-08",
      "profileHash": "274ba5b"
    },
    "decompose-issue": {
      "hash": "b4268c2",
      "installed": "2026-06-08",
      "profileHash": "274ba5b"
    },
    "deps": {
      "hash": "04d63e7",
      "installed": "2026-06-08",
      "profileHash": "274ba5b"
    },
    "doctor": {
      "hash": "04d63e7",
      "installed": "2026-06-08",
      "profileHash": "274ba5b"
    },
    "fix-ci": {
      "hash": "3768ea6",
      "installed": "2026-06-08",
      "profileHash": "274ba5b"
    },
    "full-review": {
      "hash": "1e5962e",
      "installed": "2026-06-08",
      "profileHash": "274ba5b"
    },
    "learn": {
      "hash": "df2de5e",
      "installed": "2026-06-08",
      "profileHash": "274ba5b"
    },
    "merge": {
      "hash": "d34b05d",
      "installed": "2026-06-08",
      "profileHash": "274ba5b"
    },
    "merge-gate": {
      "hash": "85269c8",
      "installed": "2026-06-08",
      "profileHash": "274ba5b"
    },
    "parallel-dev": {
      "hash": "a9ed830",
      "installed": "2026-07-30",
      "profileHash": "274ba5b"
    },
    "prime-directive": {
      "hash": "d4fba03",
      "installed": "2026-07-30",
      "profileHash": "274ba5b"
    },
    "project-audit": {
      "hash": "a9ed830",
      "installed": "2026-07-30",
      "profileHash": "274ba5b"
    },
    "recon": {
      "hash": "7f5fa28",
      "installed": "2026-06-08",
      "profileHash": "274ba5b"
    },
    "release": {
      "hash": "3254376",
      "installed": "2026-06-09",
      "profileHash": "274ba5b"
    },
    "rollback": {
      "hash": "969295a",
      "installed": "2026-06-09",
      "profileHash": "274ba5b"
    },
    "session-lifecycle": {
      "hash": "f7bc0db",
      "installed": "2026-07-30",
      "profileHash": "274ba5b"
    },
    "skill": {
      "hash": "7b4d37f",
      "installed": "2026-07-30",
      "profileHash": "274ba5b"
    },
    "skill-profile": {
      "hash": "ea888eb",
      "installed": "2026-07-30",
      "profileHash": "274ba5b"
    },
    "smoke-test": {
      "hash": "21fa678",
      "installed": "2026-06-08",
      "profileHash": "274ba5b"
    },
    "start-working": {
      "hash": "5df829a",
      "installed": "2026-07-30",
      "profileHash": "274ba5b"
    },
    "swarm-audit": {
      "hash": "a9ed830",
      "installed": "2026-07-30",
      "profileHash": "274ba5b"
    },
    "tackle-issues": {
      "hash": "d4fba03",
      "installed": "2026-07-30",
      "profileHash": "274ba5b"
    },
    "tiered-delegation": {
      "hash": "a9ed830",
      "installed": "2026-07-30",
      "profileHash": "274ba5b"
    },
    "visual-brief": {
      "hash": "a85c799",
      "installed": "2026-07-30",
      "profileHash": "274ba5b"
    }
  }
}
