{
  "registry": "blamechris/skill-templates",
  "skills": {
    "agent-review": { "hash": "a10ef75", "installed": "2026-06-08" },
    "agentic-audit": { "hash": "3f616c3", "installed": "2026-06-08" },
    "autonomous-dev-flow": { "hash": "4a47e13", "installed": "2026-06-08" },
    "batch-merge": { "hash": "0a76684", "installed": "2026-06-08" },
    "bug-hunt": { "hash": "7f5fa28", "installed": "2026-06-08" },
    "catchup": { "hash": "3f7f775", "installed": "2026-06-08" },
    "changelog": { "hash": "3254376", "installed": "2026-06-09" },
    "check-pr": { "hash": "cc062bc", "installed": "2026-06-08" },
    "create-issue": { "hash": "12b011f", "installed": "2026-06-08" },
    "create-pr": { "hash": "12b011f", "installed": "2026-06-08" },
    "decompose-issue": { "hash": "b4268c2", "installed": "2026-06-08" },
    "deps": { "hash": "04d63e7", "installed": "2026-06-08" },
    "doctor": { "hash": "04d63e7", "installed": "2026-06-08" },
    "fix-ci": { "hash": "3768ea6", "installed": "2026-06-08" },
    "full-review": { "hash": "1e5962e", "installed": "2026-06-08" },
    "learn": { "hash": "df2de5e", "installed": "2026-06-08" },
    "merge": { "hash": "d34b05d", "installed": "2026-06-08" },
    "merge-gate": { "hash": "85269c8", "installed": "2026-06-08" },
    "parallel-dev": { "hash": "6a1a98b", "installed": "2026-06-08" },
    "project-audit": { "hash": "aae4d65", "installed": "2026-06-08" },
    "recon": { "hash": "7f5fa28", "installed": "2026-06-08" },
    "release": { "hash": "3254376", "installed": "2026-06-09" },
    "skill": { "hash": "18b9f3e", "installed": "2026-06-08" },
    "smoke-test": { "hash": "21fa678", "installed": "2026-06-08" },
    "start-working": { "hash": "15d7b73", "installed": "2026-06-08" },
    "swarm-audit": { "hash": "c8b8477", "installed": "2026-06-08" },
    "tackle-issues": { "hash": "21fa678", "installed": "2026-06-08" }
  }
}
